
Microsoft Visual Studio Solution File, Format Version 12.00
# Visual Studio Version 16
VisualStudioVersion = 16.0.29215.179
MinimumVisualStudioVersion = 10.0.40219.1
Project("{FAE04EC0-301F-11D3-BF4B-00C04F79EFBC}") = "PageDesign.Android", "PageDesign\PageDesign.Android\PageDesign.Android.csproj", "{20D48D13-98F5-4032-B919-59D9E7C4EF64}"
EndProject
Project("{FAE04EC0-301F-11D3-BF4B-00C04F79EFBC}") = "PageDesign.iOS", "PageDesign\PageDesign.iOS\PageDesign.iOS.csproj", "{30AB3739-700C-4DDE-AB5B-82F8DBB18F5C}"
EndProject
Project("{FAE04EC0-301F-11D3-BF4B-00C04F79EFBC}") = "PageDesign", "PageDesign\PageDesign\PageDesign.csproj", "{1C0C3E33-62D0-4EEC-AEC3-B7BCA92291B0}"
EndProject
Global
	GlobalSection(SolutionConfigurationPlatforms) = preSolution
		Debug|Any CPU = Debug|Any CPU
		Debug|iPhone = Debug|iPhone
		Debug|iPhoneSimulator = Debug|iPhoneSimulator
		Release|Any CPU = Release|Any CPU
		Release|iPhone = Release|iPhone
		Release|iPhoneSimulator = Release|iPhoneSimulator
	EndGlobalSection
	GlobalSection(ProjectConfigurationPlatforms) = postSolution
		{20D48D13-98F5-4032-B919-59D9E7C4EF64}.Debug|Any CPU.ActiveCfg = Debug|Any CPU
		{20D48D13-98F5-4032-B919-59D9E7C4EF64}.Debug|Any CPU.Build.0 = Debug|Any CPU
		{20D48D13-98F5-4032-B919-59D9E7C4EF64}.Debug|Any CPU.Deploy.0 = Debug|Any CPU
		{20D48D13-98F5-4032-B919-59D9E7C4EF64}.Debug|iPhone.ActiveCfg = Debug|Any CPU
		{20D48D13-98F5-4032-B919-59D9E7C4EF64}.Debug|iPhone.Build.0 = Debug|Any CPU
		{20D48D13-98F5-4032-B919-59D9E7C4EF64}.Debug|iPhone.Deploy.0 = Debug|Any CPU
		{20D48D13-98F5-4032-B919-59D9E7C4EF64}.Debug|iPhoneSimulator.ActiveCfg = Debug|Any CPU
		{20D48D13-98F5-4032-B919-59D9E7C4EF64}.Debug|iPhoneSimulator.Build.0 = Debug|Any CPU
		{20D48D13-98F5-4032-B919-59D9E7C4EF64}.Debug|iPhoneSimulator.Deploy.0 = Debug|Any CPU
		{20D48D13-98F5-4032-B919-59D9E7C4EF64}.Release|Any CPU.ActiveCfg = Release|Any CPU
		{20D48D13-98F5-4032-B919-59D9E7C4EF64}.Release|Any CPU.Build.0 = Release|Any CPU
		{20D48D13-98F5-4032-B919-59D9E7C4EF64}.Release|Any CPU.Deploy.0 = Release|Any CPU
		{20D48D13-98F5-4032-B919-59D9E7C4EF64}.Release|iPhone.ActiveCfg = Release|Any CPU
		{20D48D13-98F5-4032-B919-59D9E7C4EF64}.Release|iPhone.Build.0 = Release|Any CPU
		{20D48D13-98F5-4032-B919-59D9E7C4EF64}.Release|iPhone.Deploy.0 = Release|Any CPU
		{20D48D13-98F5-4032-B919-59D9E7C4EF64}.Release|iPhoneSimulator.ActiveCfg = Release|Any CPU
		{20D48D13-98F5-4032-B919-59D9E7C4EF64}.Release|iPhoneSimulator.Build.0 = Release|Any CPU
		{20D48D13-98F5-4032-B919-59D9E7C4EF64}.Release|iPhoneSimulator.Deploy.0 = Release|Any CPU
		{30AB3739-700C-4DDE-AB5B-82F8DBB18F5C}.Debug|Any CPU.ActiveCfg = Debug|iPhoneSimulator
		{30AB3739-700C-4DDE-AB5B-82F8DBB18F5C}.Debug|Any CPU.Build.0 = Debug|iPhoneSimulator
		{30AB3739-700C-4DDE-AB5B-82F8DBB18F5C}.Debug|Any CPU.Deploy.0 = Debug|iPhoneSimulator
		{30AB3739-700C-4DDE-AB5B-82F8DBB18F5C}.Debug|iPhone.ActiveCfg = Debug|iPhone
		{30AB3739-700C-4DDE-AB5B-82F8DBB18F5C}.Debug|iPhone.Build.0 = Debug|iPhone
		{30AB3739-700C-4DDE-AB5B-82F8DBB18F5C}.Debug|iPhone.Deploy.0 = Debug|iPhone
		{30AB3739-700C-4DDE-AB5B-82F8DBB18F5C}.Debug|iPhoneSimulator.ActiveCfg = Debug|iPhoneSimulator
		{30AB3739-700C-4DDE-AB5B-82F8DBB18F5C}.Debug|iPhoneSimulator.Build.0 = Debug|iPhoneSimulator
		{30AB3739-700C-4DDE-AB5B-82F8DBB18F5C}.Debug|iPhoneSimulator.Deploy.0 = Debug|iPhoneSimulator
		{30AB3739-700C-4DDE-AB5B-82F8DBB18F5C}.Release|Any CPU.ActiveCfg = Release|iPhone
		{30AB3739-700C-4DDE-AB5B-82F8DBB18F5C}.Release|Any CPU.Build.0 = Release|iPhone
		{30AB3739-700C-4DDE-AB5B-82F8DBB18F5C}.Release|Any CPU.Deploy.0 = Release|iPhone
		{30AB3739-700C-4DDE-AB5B-82F8DBB18F5C}.Release|iPhone.ActiveCfg = Release|iPhone
		{30AB3739-700C-4DDE-AB5B-82F8DBB18F5C}.Release|iPhone.Build.0 = Release|iPhone
		{30AB3739-700C-4DDE-AB5B-82F8DBB18F5C}.Release|iPhone.Deploy.0 = Release|iPhone
		{30AB3739-700C-4DDE-AB5B-82F8DBB18F5C}.Release|iPhoneSimulator.ActiveCfg = Release|iPhoneSimulator
		{30AB3739-700C-4DDE-AB5B-82F8DBB18F5C}.Release|iPhoneSimulator.Build.0 = Release|iPhoneSimulator
		{30AB3739-700C-4DDE-AB5B-82F8DBB18F5C}.Release|iPhoneSimulator.Deploy.0 = Release|iPhoneSimulator
		{1C0C3E33-62D0-4EEC-AEC3-B7BCA92291B0}.Debug|Any CPU.ActiveCfg = Debug|Any CPU
		{1C0C3E33-62D0-4EEC-AEC3-B7BCA92291B0}.Debug|Any CPU.Build.0 = Debug|Any CPU
		{1C0C3E33-62D0-4EEC-AEC3-B7BCA92291B0}.Debug|Any CPU.Deploy.0 = Debug|Any CPU
		{1C0C3E33-62D0-4EEC-AEC3-B7BCA92291B0}.Debug|iPhone.ActiveCfg = Debug|Any CPU
		{1C0C3E33-62D0-4EEC-AEC3-B7BCA92291B0}.Debug|iPhone.Build.0 = Debug|Any CPU
		{1C0C3E33-62D0-4EEC-AEC3-B7BCA92291B0}.Debug|iPhone.Deploy.0 = Debug|Any CPU
		{1C0C3E33-62D0-4EEC-AEC3-B7BCA92291B0}.Debug|iPhoneSimulator.ActiveCfg = Debug|Any CPU
		{1C0C3E33-62D0-4EEC-AEC3-B7BCA92291B0}.Debug|iPhoneSimulator.Build.0 = Debug|Any CPU
		{1C0C3E33-62D0-4EEC-AEC3-B7BCA92291B0}.Debug|iPhoneSimulator.Deploy.0 = Debug|Any CPU
		{1C0C3E33-62D0-4EEC-AEC3-B7BCA92291B0}.Release|Any CPU.ActiveCfg = Release|Any CPU
		{1C0C3E33-62D0-4EEC-AEC3-B7BCA92291B0}.Release|Any CPU.Build.0 = Release|Any CPU
		{1C0C3E33-62D0-4EEC-AEC3-B7BCA92291B0}.Release|Any CPU.Deploy.0 = Release|Any CPU
		{1C0C3E33-62D0-4EEC-AEC3-B7BCA92291B0}.Release|iPhone.ActiveCfg = Release|Any CPU
		{1C0C3E33-62D0-4EEC-AEC3-B7BCA92291B0}.Release|iPhone.Build.0 = Release|Any CPU
		{1C0C3E33-62D0-4EEC-AEC3-B7BCA92291B0}.Release|iPhone.Deploy.0 = Release|Any CPU
		{1C0C3E33-62D0-4EEC-AEC3-B7BCA92291B0}.Release|iPhoneSimulator.ActiveCfg = Release|Any CPU
		{1C0C3E33-62D0-4EEC-AEC3-B7BCA92291B0}.Release|iPhoneSimulator.Build.0 = Release|Any CPU
		{1C0C3E33-62D0-4EEC-AEC3-B7BCA92291B0}.Release|iPhoneSimulator.Deploy.0 = Release|Any CPU
	EndGlobalSection
	GlobalSection(SolutionProperties) = preSolution
		HideSolutionNode = FALSE
	EndGlobalSection
	GlobalSection(ExtensibilityGlobals) = postSolution
		SolutionGuid = {7752CED6-ADCA-4510-AFD1-391EB4E81FA3}
	EndGlobalSection
EndGlobal
